
Microsoft Visual Studio Solution File, Format Version 12.00
# Visual Studio 15
VisualStudioVersion = 15.0.28307.757
MinimumVisualStudioVersion = 10.0.40219.1
Project("{FAE04EC0-301F-11D3-BF4B-00C04F79EFBC}") = "RegistrationPage", "RegistrationPage\RegistrationPage.csproj", "{BD26F65C-BD40-4296-959B-7D0DF2BDD86B}"
EndProject
Global
	GlobalSection(SolutionConfigurationPlatforms) = preSolution
		Debug|Any CPU = Debug|Any CPU
		Release|Any CPU = Release|Any CPU
	EndGlobalSection
	GlobalSection(ProjectConfigurationPlatforms) = postSolution
		{BD26F65C-BD40-4296-959B-7D0DF2BDD86B}.Debug|Any CPU.ActiveCfg = Debug|Any CPU
		{BD26F65C-BD40-4296-959B-7D0DF2BDD86B}.Debug|Any CPU.Build.0 = Debug|Any CPU
		{BD26F65C-BD40-4296-959B-7D0DF2BDD86B}.Release|Any CPU.ActiveCfg = Release|Any CPU
		{BD26F65C-BD40-4296-959B-7D0DF2BDD86B}.Release|Any CPU.Build.0 = Release|Any CPU
	EndGlobalSection
	GlobalSection(SolutionProperties) = preSolution
		HideSolutionNode = FALSE
	EndGlobalSection
	GlobalSection(ExtensibilityGlobals) = postSolution
		SolutionGuid = {6CE99BB5-45FF-4148-9C05-A528B4927914}
	EndGlobalSection
EndGlobal
